// !$*UTF8*$!
{
	archiveVersion = 1;
	classes = {
	};
	objectVersion = 46;
	objects = {

/* Begin PBXBuildFile section */
		2ABC02A21F3515C500B3807D /* AppDelegate.swift in Sources */ = {isa = PBXBuildFile; fileRef = 2ABC02A11F3515C500B3807D /* AppDelegate.swift */; };
		2ABC02A41F3515C500B3807D /* ViewController.swift in Sources */ = {isa = PBXBuildFile; fileRef = 2ABC02A31F3515C500B3807D /* ViewController.swift */; };
		2ABC02A71F3515C500B3807D /* Main.storyboard in Resources */ = {isa = PBXBuildFile; fileRef = 2ABC02A51F3515C500B3807D /* Main.storyboard */; };
		2ABC02A91F3515C500B3807D /* Assets.xcassets in Resources */ = {isa = PBXBuildFile; fileRef = 2ABC02A81F3515C500B3807D /* Assets.xcassets */; };
		2ABC02AC1F3515C500B3807D /* LaunchScreen.storyboard in Resources */ = {isa = PBXBuildFile; fileRef = 2ABC02AA1F3515C500B3807D /* LaunchScreen.storyboard */; };
		2ABC02B61F35160200B3807D /* botaogerar-pressionado.png in Resources */ = {isa = PBXBuildFile; fileRef = 2ABC02B31F35160200B3807D /* botaogerar-pressionado.png */; };
		2ABC02B71F35160200B3807D /* botaogerar.png in Resources */ = {isa = PBXBuildFile; fileRef = 2ABC02B41F35160200B3807D /* botaogerar.png */; };
		2ABC02B81F35160200B3807D /* logo.png in Resources */ = {isa = PBXBuildFile; fileRef = 2ABC02B51F35160200B3807D /* logo.png */; };
/* End PBXBuildFile section */

/* Begin PBXFileReference section */
		2ABC029E1F3515C500B3807D /* randomNumbersGenerator.app */ = {isa = PBXFileReference; explicitFileType = wrapper.application; includeInIndex = 0; path = randomNumbersGenerator.app; sourceTree = BUILT_PRODUCTS_DIR; };
		2ABC02A11F3515C500B3807D /* AppDelegate.swift */ = {isa = PBXFileReference; lastKnownFileType = sourcecode.swift; path = AppDelegate.swift; sourceTree = "<group>"; };
		2ABC02A31F3515C500B3807D /* ViewController.swift */ = {isa = PBXFileReference; lastKnownFileType = sourcecode.swift; path = ViewController.swift; sourceTree = "<group>"; };
		2ABC02A61F3515C500B3807D /* Base */ = {isa = PBXFileReference; lastKnownFileType = file.storyboard; name = Base; path = Base.lproj/Main.storyboard; sourceTree = "<group>"; };
		2ABC02A81F3515C500B3807D /* Assets.xcassets */ = {isa = PBXFileReference; lastKnownFileType = folder.assetcatalog; path = Assets.xcassets; sourceTree = "<group>"; };
		2ABC02AB1F3515C500B3807D /* Base */ = {isa = PBXFileReference; lastKnownFileType = file.storyboard; name = Base; path = Base.lproj/LaunchScreen.storyboard; sourceTree = "<group>"; };
		2ABC02AD1F3515C500B3807D /* Info.plist */ = {isa = PBXFileReference; lastKnownFileType = text.plist.xml; path = Info.plist; sourceTree = "<group>"; };
		2ABC02B31F35160200B3807D /* botaogerar-pressionado.png */ = {isa = PBXFileReference; lastKnownFileType = image.png; path = "botaogerar-pressionado.png"; sourceTree = "<group>"; };
		2ABC02B41F35160200B3807D /* botaogerar.png */ = {isa = PBXFileReference; lastKnownFileType = image.png; path = botaogerar.png; sourceTree = "<group>"; };
		2ABC02B51F35160200B3807D /* logo.png */ = {isa = PBXFileReference; lastKnownFileType = image.png; path = logo.png; sourceTree = "<group>"; };
/* End PBXFileReference section */

/* Begin PBXFrameworksBuildPhase section */
		2ABC029B1F3515C500B3807D /* Frameworks */ = {
			isa = PBXFrameworksBuildPhase;
			buildActionMask = 2147483647;
			files = (
			);
			runOnlyForDeploymentPostprocessing = 0;
		};
/* End PBXFrameworksBuildPhase section */

/* Begin PBXGroup section */
		2ABC02951F3515C500B3807D = {
			isa = PBXGroup;
			children = (
				2ABC02A01F3515C500B3807D /* randomNumbersGenerator */,
				2ABC029F1F3515C500B3807D /* Products */,
			);
			sourceTree = "<group>";
		};
		2ABC029F1F3515C500B3807D /* Products */ = {
			isa = PBXGroup;
			children = (
				2ABC029E1F3515C500B3807D /* randomNumbersGenerator.app */,
			);
			name = Products;
			sourceTree = "<group>";
		};
		2ABC02A01F3515C500B3807D /* randomNumbersGenerator */ = {
			isa = PBXGroup;
			children = (
				2ABC02B31F35160200B3807D /* botaogerar-pressionado.png */,
				2ABC02B41F35160200B3807D /* botaogerar.png */,
				2ABC02B51F35160200B3807D /* logo.png */,
				2ABC02A11F3515C500B3807D /* AppDelegate.swift */,
				2ABC02A31F3515C500B3807D /* ViewController.swift */,
				2ABC02A51F3515C500B3807D /* Main.storyboard */,
				2ABC02A81F3515C500B3807D /* Assets.xcassets */,
				2ABC02AA1F3515C500B3807D /* LaunchScreen.storyboard */,
				2ABC02AD1F3515C500B3807D /* Info.plist */,
			);
			path = randomNumbersGenerator;
			sourceTree = "<group>";
		};
/* End PBXGroup section */

/* Begin PBXNativeTarget section */
		2ABC029D1F3515C500B3807D /* randomNumbersGenerator */ = {
			isa = PBXNativeTarget;
			buildConfigurationList = 2ABC02B01F3515C500B3807D /* Build configuration list for PBXNativeTarget "randomNumbersGenerator" */;
			buildPhases = (
				2ABC029A1F3515C500B3807D /* Sources */,
				2ABC029B1F3515C500B3807D /* Frameworks */,
				2ABC029C1F3515C500B3807D /* Resources */,
			);
			buildRules = (
			);
			dependencies = (
			);
			name = randomNumbersGenerator;
			productName = randomNumbersGenerator;
			productReference = 2ABC029E1F3515C500B3807D /* randomNumbersGenerator.app */;
			productType = "com.apple.product-type.application";
		};
/* End PBXNativeTarget section */

/* Begin PBXProject section */
		2ABC02961F3515C500B3807D /* Project object */ = {
			isa = PBXProject;
			attributes = {
				LastSwiftUpdateCheck = 0830;
				LastUpgradeCheck = 0830;
				ORGANIZATIONNAME = kanazawa;
				TargetAttributes = {
					2ABC029D1F3515C500B3807D = {
						CreatedOnToolsVersion = 8.3.3;
						ProvisioningStyle = Automatic;
					};
				};
			};
			buildConfigurationList = 2ABC02991F3515C500B3807D /* Build configuration list for PBXProject "randomNumbersGenerator" */;
			compatibilityVersion = "Xcode 3.2";
			developmentRegion = English;
			hasScannedForEncodings = 0;
			knownRegions = (
				en,
				Base,
			);
			mainGroup = 2ABC02951F3515C500B3807D;
			productRefGroup = 2ABC029F1F3515C500B3807D /* Products */;
			projectDirPath = "";
			projectRoot = "";
			targets = (
				2ABC029D1F3515C500B3807D /* randomNumbersGenerator */,
			);
		};
/* End PBXProject section */

/* Begin PBXResourcesBuildPhase section */
		2ABC029C1F3515C500B3807D /* Resources */ = {
			isa = PBXResourcesBuildPhase;
			buildActionMask = 2147483647;
			files = (
				2ABC02AC1F3515C500B3807D /* LaunchScreen.storyboard in Resources */,
				2ABC02A91F3515C500B3807D /* Assets.xcassets in Resources */,
				2ABC02B81F35160200B3807D /* logo.png in Resources */,
				2ABC02B71F35160200B3807D /* botaogerar.png in Resources */,
				2ABC02A71F3515C500B3807D /* Main.storyboard in Resources */,
				2ABC02B61F35160200B3807D /* botaogerar-pressionado.png in Resources */,
			);
			runOnlyForDeploymentPostprocessing = 0;
		};
/* End PBXResourcesBuildPhase section */

/* Begin PBXSourcesBuildPhase section */
		2ABC029A1F3515C500B3807D /* Sources */ = {
			isa = PBXSourcesBuildPhase;
			buildActionMask = 2147483647;
			files = (
				2ABC02A41F3515C500B3807D /* ViewController.swift in Sources */,
				2ABC02A21F3515C500B3807D /* AppDelegate.swift in Sources */,
			);
			runOnlyForDeploymentPostprocessing = 0;
		};
/* End PBXSourcesBuildPhase section */

/* Begin PBXVariantGroup section */
		2ABC02A51F3515C500B3807D /* Main.storyboard */ = {
			isa = PBXVariantGroup;
			children = (
				2ABC02A61F3515C500B3807D /* Base */,
			);
			name = Main.storyboard;
			sourceTree = "<group>";
		};
		2ABC02AA1F3515C500B3807D /* LaunchScreen.storyboard */ = {
			isa = PBXVariantGroup;
			children = (
				2ABC02AB1F3515C500B3807D /* Base */,
			);
			name = LaunchScreen.storyboard;
			sourceTree = "<group>";
		};
/* End PBXVariantGroup section */

/* Begin XCBuildConfiguration section */
		2ABC02AE1F3515C500B3807D /* Debug */ = {
			isa = XCBuildConfiguration;
			buildSettings = {
				ALWAYS_SEARCH_USER_PATHS = NO;
				CLANG_ANALYZER_NONNULL = YES;
				CLANG_ANALYZER_NUMBER_OBJECT_CONVERSION = YES_AGGRESSIVE;
				CLANG_CXX_LANGUAGE_STANDARD = "gnu++0x";
				CLANG_CXX_LIBRARY = "libc++";
				CLANG_ENABLE_MODULES = YES;
				CLANG_ENABLE_OBJC_ARC = YES;
				CLANG_WARN_BOOL_CONVERSION = YES;
				CLANG_WARN_CONSTANT_CONVERSION = YES;
				CLANG_WARN_DIRECT_OBJC_ISA_USAGE = YES_ERROR;
				CLANG_WARN_DOCUMENTATION_COMMENTS = YES;
				CLANG_WARN_EMPTY_BODY = YES;
				CLANG_WARN_ENUM_CONVERSION = YES;
				CLANG_WARN_INFINITE_RECURSION = YES;
				CLANG_WARN_INT_CONVERSION = YES;
				CLANG_WARN_OBJC_ROOT_CLASS = YES_ERROR;
				CLANG_WARN_SUSPICIOUS_MOVE = YES;
				CLANG_WARN_UNREACHABLE_CODE = YES;
				CLANG_WARN__DUPLICATE_METHOD_MATCH = YES;
				"CODE_SIGN_IDENTITY[sdk=iphoneos*]" = "iPhone Developer";
				COPY_PHASE_STRIP = NO;
				DEBUG_INFORMATION_FORMAT = dwarf;
				ENABLE_STRICT_OBJC_MSGSEND = YES;
				ENABLE_TESTABILITY = YES;
				GCC_C_LANGUAGE_STANDARD = gnu99;
				GCC_DYNAMIC_NO_PIC = NO;
				GCC_NO_COMMON_BLOCKS = YES;
				GCC_OPTIMIZATION_LEVEL = 0;
				GCC_PREPROCESSOR_DEFINITIONS = (
					"DEBUG=1",
					"$(inherited)",
				);
				GCC_WARN_64_TO_32_BIT_CONVERSION = YES;
				GCC_WARN_ABOUT_RETURN_TYPE = YES_ERROR;
				GCC_WARN_UNDECLARED_SELECTOR = YES;
				GCC_WARN_UNINITIALIZED_AUTOS = YES_AGGRESSIVE;
				GCC_WARN_UNUSED_FUNCTION = YES;
				GCC_WARN_UNUSED_VARIABLE = YES;
				IPHONEOS_DEPLOYMENT_TARGET = 10.3;
				MTL_ENABLE_DEBUG_INFO = YES;
				ONLY_ACTIVE_ARCH = YES;
				SDKROOT = iphoneos;
				SWIFT_ACTIVE_COMPILATION_CONDITIONS = DEBUG;
				SWIFT_OPTIMIZATION_LEVEL = "-Onone";
			};
			name = Debug;
		};
		2ABC02AF1F3515C500B3807D /* Release */ = {
			isa = XCBuildConfiguration;
			buildSettings = {
				ALWAYS_SEARCH_USER_PATHS = NO;
				CLANG_ANALYZER_NONNULL = YES;
				CLANG_ANALYZER_NUMBER_OBJECT_CONVERSION = YES_AGGRESSIVE;
				CLANG_CXX_LANGUAGE_STANDARD = "gnu++0x";
				CLANG_CXX_LIBRARY = "libc++";
				CLANG_ENABLE_MODULES = YES;
				CLANG_ENABLE_OBJC_ARC = YES;
				CLANG_WARN_BOOL_CONVERSION = YES;
				CLANG_WARN_CONSTANT_CONVERSION = YES;
				CLANG_WARN_DIRECT_OBJC_ISA_USAGE = YES_ERROR;
				CLANG_WARN_DOCUMENTATION_COMMENTS = YES;
				CLANG_WARN_EMPTY_BODY = YES;
				CLANG_WARN_ENUM_CONVERSION = YES;
				CLANG_WARN_INFINITE_RECURSION = YES;
				CLANG_WARN_INT_CONVERSION = YES;
				CLANG_WARN_OBJC_ROOT_CLASS = YES_ERROR;
				CLANG_WARN_SUSPICIOUS_MOVE = YES;
				CLANG_WARN_UNREACHABLE_CODE = YES;
				CLANG_WARN__DUPLICATE_METHOD_MATCH = YES;
				"CODE_SIGN_IDENTITY[sdk=iphoneos*]" = "iPhone Developer";
				COPY_PHASE_STRIP = NO;
				DEBUG_INFORMATION_FORMAT = "dwarf-with-dsym";
				ENABLE_NS_ASSERTIONS = NO;
				ENABLE_STRICT_OBJC_MSGSEND = YES;
				GCC_C_LANGUAGE_STANDARD = gnu99;
				GCC_NO_COMMON_BLOCKS = YES;
				GCC_WARN_64_TO_32_BIT_CONVERSION = YES;
				GCC_WARN_ABOUT_RETURN_TYPE = YES_ERROR;
				GCC_WARN_UNDECLARED_SELECTOR = YES;
				GCC_WARN_UNINITIALIZED_AUTOS = YES_AGGRESSIVE;
				GCC_WARN_UNUSED_FUNCTION = YES;
				GCC_WARN_UNUSED_VARIABLE = YES;
				IPHONEOS_DEPLOYMENT_TARGET = 10.3;
				MTL_ENABLE_DEBUG_INFO = NO;
				SDKROOT = iphoneos;
				SWIFT_OPTIMIZATION_LEVEL = "-Owholemodule";
				VALIDATE_PRODUCT = YES;
			};
			name = Release;
		};
		2ABC02B11F3515C500B3807D /* Debug */ = {
			isa = XCBuildConfiguration;
			buildSettings = {
				ASSETCATALOG_COMPILER_APPICON_NAME = AppIcon;
				INFOPLIST_FILE = randomNumbersGenerator/Info.plist;
				LD_RUNPATH_SEARCH_PATHS = "$(inherited) @executable_path/Frameworks";
				PRODUCT_BUNDLE_IDENTIFIER = com.ioscourse.randomNumbersGenerator;
				PRODUCT_NAME = "$(TARGET_NAME)";
				SWIFT_VERSION = 3.0;
			};
			name = Debug;
		};
		2ABC02B21F3515C500B3807D /* Release */ = {
			isa = XCBuildConfiguration;
			buildSettings = {
				ASSETCATALOG_COMPILER_APPICON_NAME = AppIcon;
				INFOPLIST_FILE = randomNumbersGenerator/Info.plist;
				LD_RUNPATH_SEARCH_PATHS = "$(inherited) @executable_path/Frameworks";
				PRODUCT_BUNDLE_IDENTIFIER = com.ioscourse.randomNumbersGenerator;
				PRODUCT_NAME = "$(TARGET_NAME)";
				SWIFT_VERSION = 3.0;
			};
			name = Release;
		};
/* End XCBuildConfiguration section */

/* Begin XCConfigurationList section */
		2ABC02991F3515C500B3807D /* Build configuration list for PBXProject "randomNumbersGenerator" */ = {
			isa = XCConfigurationList;
			buildConfigurations = (
				2ABC02AE1F3515C500B3807D /* Debug */,
				2ABC02AF1F3515C500B3807D /* Release */,
			);
			defaultConfigurationIsVisible = 0;
			defaultConfigurationName = Release;
		};
		2ABC02B01F3515C500B3807D /* Build configuration list for PBXNativeTarget "randomNumbersGenerator" */ = {
			isa = XCConfigurationList;
			buildConfigurations = (
				2ABC02B11F3515C500B3807D /* Debug */,
				2ABC02B21F3515C500B3807D /* Release */,
			);
			defaultConfigurationIsVisible = 0;
		};
/* End XCConfigurationList section */
	};
	rootObject = 2ABC02961F3515C500B3807D /* Project object */;
}
